// !$*UTF8*$!
{
	archiveVersion = 1;
	classes = {
	};
	objectVersion = 46;
	objects = {

/* Begin PBXBuildFile section */
		8CF0783A4397CBCEF6E24F98 /* Pods_TableViewSearchDemo.framework in Frameworks */ = {isa = PBXBuildFile; fileRef = CE83B3BF01FB805C232B95FE /* Pods_TableViewSearchDemo.framework */; };
		C32D2FB81E9787430082B88F /* AppDelegate.swift in Sources */ = {isa = PBXBuildFile; fileRef = C32D2FB71E9787430082B88F /* AppDelegate.swift */; };
		C32D2FBA1E9787430082B88F /* TableSearchViewController.swift in Sources */ = {isa = PBXBuildFile; fileRef = C32D2FB91E9787430082B88F /* TableSearchViewController.swift */; };
		C32D2FBD1E9787430082B88F /* Main.storyboard in Resources */ = {isa = PBXBuildFile; fileRef = C32D2FBB1E9787430082B88F /* Main.storyboard */; };
		C32D2FBF1E9787440082B88F /* Assets.xcassets in Resources */ = {isa = PBXBuildFile; fileRef = C32D2FBE1E9787440082B88F /* Assets.xcassets */; };
		C32D2FC21E9787440082B88F /* LaunchScreen.storyboard in Resources */ = {isa = PBXBuildFile; fileRef = C32D2FC01E9787440082B88F /* LaunchScreen.storyboard */; };
		C32D2FCA1E9787FE0082B88F /* SearchTableViewCell.swift in Sources */ = {isa = PBXBuildFile; fileRef = C32D2FC91E9787FE0082B88F /* SearchTableViewCell.swift */; };
		C32D2FCC1E97B04A0082B88F /* ImagePagerViewController.swift in Sources */ = {isa = PBXBuildFile; fileRef = C32D2FCB1E97B04A0082B88F /* ImagePagerViewController.swift */; };
/* End PBXBuildFile section */

/* Begin PBXFileReference section */
		4C10FDB5B448180E22C8F53E /* Pods-TableViewSearchDemo.release.xcconfig */ = {isa = PBXFileReference; includeInIndex = 1; lastKnownFileType = text.xcconfig; name = "Pods-TableViewSearchDemo.release.xcconfig"; path = "Pods/Target Support Files/Pods-TableViewSearchDemo/Pods-TableViewSearchDemo.release.xcconfig"; sourceTree = "<group>"; };
		847ECBF50E8C27F9A53DCF4C /* Pods-TableViewSearchDemo.debug.xcconfig */ = {isa = PBXFileReference; includeInIndex = 1; lastKnownFileType = text.xcconfig; name = "Pods-TableViewSearchDemo.debug.xcconfig"; path = "Pods/Target Support Files/Pods-TableViewSearchDemo/Pods-TableViewSearchDemo.debug.xcconfig"; sourceTree = "<group>"; };
		C32D2FB41E9787430082B88F /* TableViewSearchDemo.app */ = {isa = PBXFileReference; explicitFileType = wrapper.application; includeInIndex = 0; path = TableViewSearchDemo.app; sourceTree = BUILT_PRODUCTS_DIR; };
		C32D2FB71E9787430082B88F /* AppDelegate.swift */ = {isa = PBXFileReference; lastKnownFileType = sourcecode.swift; path = AppDelegate.swift; sourceTree = "<group>"; };
		C32D2FB91E9787430082B88F /* TableSearchViewController.swift */ = {isa = PBXFileReference; lastKnownFileType = sourcecode.swift; path = TableSearchViewController.swift; sourceTree = "<group>"; };
		C32D2FBC1E9787430082B88F /* Base */ = {isa = PBXFileReference; lastKnownFileType = file.storyboard; name = Base; path = Base.lproj/Main.storyboard; sourceTree = "<group>"; };
		C32D2FBE1E9787440082B88F /* Assets.xcassets */ = {isa = PBXFileReference; lastKnownFileType = folder.assetcatalog; path = Assets.xcassets; sourceTree = "<group>"; };
		C32D2FC11E9787440082B88F /* Base */ = {isa = PBXFileReference; lastKnownFileType = file.storyboard; name = Base; path = Base.lproj/LaunchScreen.storyboard; sourceTree = "<group>"; };
		C32D2FC31E9787440082B88F /* Info.plist */ = {isa = PBXFileReference; lastKnownFileType = text.plist.xml; path = Info.plist; sourceTree = "<group>"; };
		C32D2FC91E9787FE0082B88F /* SearchTableViewCell.swift */ = {isa = PBXFileReference; fileEncoding = 4; lastKnownFileType = sourcecode.swift; path = SearchTableViewCell.swift; sourceTree = "<group>"; };
		C32D2FCB1E97B04A0082B88F /* ImagePagerViewController.swift */ = {isa = PBXFileReference; fileEncoding = 4; lastKnownFileType = sourcecode.swift; path = ImagePagerViewController.swift; sourceTree = "<group>"; };
		CE83B3BF01FB805C232B95FE /* Pods_TableViewSearchDemo.framework */ = {isa = PBXFileReference; explicitFileType = wrapper.framework; includeInIndex = 0; path = Pods_TableViewSearchDemo.framework; sourceTree = BUILT_PRODUCTS_DIR; };
/* End PBXFileReference section */

/* Begin PBXFrameworksBuildPhase section */
		C32D2FB11E9787430082B88F /* Frameworks */ = {
			isa = PBXFrameworksBuildPhase;
			buildActionMask = 2147483647;
			files = (
				8CF0783A4397CBCEF6E24F98 /* Pods_TableViewSearchDemo.framework in Frameworks */,
			);
			runOnlyForDeploymentPostprocessing = 0;
		};
/* End PBXFrameworksBuildPhase section */

/* Begin PBXGroup section */
		670BD958B28D5C55F8E5E1EC /* Pods */ = {
			isa = PBXGroup;
			children = (
				847ECBF50E8C27F9A53DCF4C /* Pods-TableViewSearchDemo.debug.xcconfig */,
				4C10FDB5B448180E22C8F53E /* Pods-TableViewSearchDemo.release.xcconfig */,
			);
			name = Pods;
			sourceTree = "<group>";
		};
		8A68DB03D1D5D89F8D3FC2AD /* Frameworks */ = {
			isa = PBXGroup;
			children = (
				CE83B3BF01FB805C232B95FE /* Pods_TableViewSearchDemo.framework */,
			);
			name = Frameworks;
			sourceTree = "<group>";
		};
		C32D2FAB1E9787430082B88F = {
			isa = PBXGroup;
			children = (
				C32D2FB61E9787430082B88F /* TableViewSearchDemo */,
				C32D2FB51E9787430082B88F /* Products */,
				670BD958B28D5C55F8E5E1EC /* Pods */,
				8A68DB03D1D5D89F8D3FC2AD /* Frameworks */,
			);
			sourceTree = "<group>";
		};
		C32D2FB51E9787430082B88F /* Products */ = {
			isa = PBXGroup;
			children = (
				C32D2FB41E9787430082B88F /* TableViewSearchDemo.app */,
			);
			name = Products;
			sourceTree = "<group>";
		};
		C32D2FB61E9787430082B88F /* TableViewSearchDemo */ = {
			isa = PBXGroup;
			children = (
				C32D2FB71E9787430082B88F /* AppDelegate.swift */,
				C32D2FB91E9787430082B88F /* TableSearchViewController.swift */,
				C32D2FBB1E9787430082B88F /* Main.storyboard */,
				C32D2FBE1E9787440082B88F /* Assets.xcassets */,
				C32D2FC01E9787440082B88F /* LaunchScreen.storyboard */,
				C32D2FC31E9787440082B88F /* Info.plist */,
				C32D2FC91E9787FE0082B88F /* SearchTableViewCell.swift */,
				C32D2FCB1E97B04A0082B88F /* ImagePagerViewController.swift */,
			);
			path = TableViewSearchDemo;
			sourceTree = "<group>";
		};
/* End PBXGroup section */

/* Begin PBXNativeTarget section */
		C32D2FB31E9787430082B88F /* TableViewSearchDemo */ = {
			isa = PBXNativeTarget;
			buildConfigurationList = C32D2FC61E9787440082B88F /* Build configuration list for PBXNativeTarget "TableViewSearchDemo" */;
			buildPhases = (
				886086B9ACA6631C6C016003 /* [CP] Check Pods Manifest.lock */,
				C32D2FB01E9787430082B88F /* Sources */,
				C32D2FB11E9787430082B88F /* Frameworks */,
				C32D2FB21E9787430082B88F /* Resources */,
				03ECED5A32CE4B11232B43E1 /* [CP] Embed Pods Frameworks */,
				64541E422DA569DB0C0C476B /* [CP] Copy Pods Resources */,
			);
			buildRules = (
			);
			dependencies = (
			);
			name = TableViewSearchDemo;
			productName = TableViewSearchDemo;
			productReference = C32D2FB41E9787430082B88F /* TableViewSearchDemo.app */;
			productType = "com.apple.product-type.application";
		};
/* End PBXNativeTarget section */

/* Begin PBXProject section */
		C32D2FAC1E9787430082B88F /* Project object */ = {
			isa = PBXProject;
			attributes = {
				LastSwiftUpdateCheck = 0820;
				LastUpgradeCheck = 0820;
				ORGANIZATIONNAME = Zerones;
				TargetAttributes = {
					C32D2FB31E9787430082B88F = {
						CreatedOnToolsVersion = 8.2.1;
						ProvisioningStyle = Automatic;
					};
				};
			};
			buildConfigurationList = C32D2FAF1E9787430082B88F /* Build configuration list for PBXProject "TableViewSearchDemo" */;
			compatibilityVersion = "Xcode 3.2";
			developmentRegion = English;
			hasScannedForEncodings = 0;
			knownRegions = (
				en,
				Base,
			);
			mainGroup = C32D2FAB1E9787430082B88F;
			productRefGroup = C32D2FB51E9787430082B88F /* Products */;
			projectDirPath = "";
			projectRoot = "";
			targets = (
				C32D2FB31E9787430082B88F /* TableViewSearchDemo */,
			);
		};
/* End PBXProject section */

/* Begin PBXResourcesBuildPhase section */
		C32D2FB21E9787430082B88F /* Resources */ = {
			isa = PBXResourcesBuildPhase;
			buildActionMask = 2147483647;
			files = (
				C32D2FC21E9787440082B88F /* LaunchScreen.storyboard in Resources */,
				C32D2FBF1E9787440082B88F /* Assets.xcassets in Resources */,
				C32D2FBD1E9787430082B88F /* Main.storyboard in Resources */,
			);
			runOnlyForDeploymentPostprocessing = 0;
		};
/* End PBXResourcesBuildPhase section */

/* Begin PBXShellScriptBuildPhase section */
		03ECED5A32CE4B11232B43E1 /* [CP] Embed Pods Frameworks */ = {
			isa = PBXShellScriptBuildPhase;
			buildActionMask = 2147483647;
			files = (
			);
			inputPaths = (
			);
			name = "[CP] Embed Pods Frameworks";
			outputPaths = (
			);
			runOnlyForDeploymentPostprocessing = 0;
			shellPath = /bin/sh;
			shellScript = "\"${SRCROOT}/Pods/Target Support Files/Pods-TableViewSearchDemo/Pods-TableViewSearchDemo-frameworks.sh\"\n";
			showEnvVarsInLog = 0;
		};
		64541E422DA569DB0C0C476B /* [CP] Copy Pods Resources */ = {
			isa = PBXShellScriptBuildPhase;
			buildActionMask = 2147483647;
			files = (
			);
			inputPaths = (
			);
			name = "[CP] Copy Pods Resources";
			outputPaths = (
			);
			runOnlyForDeploymentPostprocessing = 0;
			shellPath = /bin/sh;
			shellScript = "\"${SRCROOT}/Pods/Target Support Files/Pods-TableViewSearchDemo/Pods-TableViewSearchDemo-resources.sh\"\n";
			showEnvVarsInLog = 0;
		};
		886086B9ACA6631C6C016003 /* [CP] Check Pods Manifest.lock */ = {
			isa = PBXShellScriptBuildPhase;
			buildActionMask = 2147483647;
			files = (
			);
			inputPaths = (
			);
			name = "[CP] Check Pods Manifest.lock";
			outputPaths = (
			);
			runOnlyForDeploymentPostprocessing = 0;
			shellPath = /bin/sh;
			shellScript = "diff \"${PODS_PODFILE_DIR_PATH}/Podfile.lock\" \"${PODS_ROOT}/Manifest.lock\" > /dev/null\nif [ $? != 0 ] ; then\n    # print error to STDERR\n    echo \"error: The sandbox is not in sync with the Podfile.lock. Run 'pod install' or update your CocoaPods installation.\" >&2\n    exit 1\nfi\n";
			showEnvVarsInLog = 0;
		};
/* End PBXShellScriptBuildPhase section */

/* Begin PBXSourcesBuildPhase section */
		C32D2FB01E9787430082B88F /* Sources */ = {
			isa = PBXSourcesBuildPhase;
			buildActionMask = 2147483647;
			files = (
				C32D2FCA1E9787FE0082B88F /* SearchTableViewCell.swift in Sources */,
				C32D2FBA1E9787430082B88F /* TableSearchViewController.swift in Sources */,
				C32D2FCC1E97B04A0082B88F /* ImagePagerViewController.swift in Sources */,
				C32D2FB81E9787430082B88F /* AppDelegate.swift in Sources */,
			);
			runOnlyForDeploymentPostprocessing = 0;
		};
/* End PBXSourcesBuildPhase section */

/* Begin PBXVariantGroup section */
		C32D2FBB1E9787430082B88F /* Main.storyboard */ = {
			isa = PBXVariantGroup;
			children = (
				C32D2FBC1E9787430082B88F /* Base */,
			);
			name = Main.storyboard;
			sourceTree = "<group>";
		};
		C32D2FC01E9787440082B88F /* LaunchScreen.storyboard */ = {
			isa = PBXVariantGroup;
			children = (
				C32D2FC11E9787440082B88F /* Base */,
			);
			name = LaunchScreen.storyboard;
			sourceTree = "<group>";
		};
/* End PBXVariantGroup section */

/* Begin XCBuildConfiguration section */
		C32D2FC41E9787440082B88F /* Debug */ = {
			isa = XCBuildConfiguration;
			buildSettings = {
				ALWAYS_SEARCH_USER_PATHS = NO;
				CLANG_ANALYZER_NONNULL = YES;
				CLANG_CXX_LANGUAGE_STANDARD = "gnu++0x";
				CLANG_CXX_LIBRARY = "libc++";
				CLANG_ENABLE_MODULES = YES;
				CLANG_ENABLE_OBJC_ARC = YES;
				CLANG_WARN_BOOL_CONVERSION = YES;
				CLANG_WARN_CONSTANT_CONVERSION = YES;
				CLANG_WARN_DIRECT_OBJC_ISA_USAGE = YES_ERROR;
				CLANG_WARN_DOCUMENTATION_COMMENTS = YES;
				CLANG_WARN_EMPTY_BODY = YES;
				CLANG_WARN_ENUM_CONVERSION = YES;
				CLANG_WARN_INFINITE_RECURSION = YES;
				CLANG_WARN_INT_CONVERSION = YES;
				CLANG_WARN_OBJC_ROOT_CLASS = YES_ERROR;
				CLANG_WARN_SUSPICIOUS_MOVE = YES;
				CLANG_WARN_UNREACHABLE_CODE = YES;
				CLANG_WARN__DUPLICATE_METHOD_MATCH = YES;
				"CODE_SIGN_IDENTITY[sdk=iphoneos*]" = "iPhone Developer";
				COPY_PHASE_STRIP = NO;
				DEBUG_INFORMATION_FORMAT = dwarf;
				ENABLE_STRICT_OBJC_MSGSEND = YES;
				ENABLE_TESTABILITY = YES;
				GCC_C_LANGUAGE_STANDARD = gnu99;
				GCC_DYNAMIC_NO_PIC = NO;
				GCC_NO_COMMON_BLOCKS = YES;
				GCC_OPTIMIZATION_LEVEL = 0;
				GCC_PREPROCESSOR_DEFINITIONS = (
					"DEBUG=1",
					"$(inherited)",
				);
				GCC_WARN_64_TO_32_BIT_CONVERSION = YES;
				GCC_WARN_ABOUT_RETURN_TYPE = YES_ERROR;
				GCC_WARN_UNDECLARED_SELECTOR = YES;
				GCC_WARN_UNINITIALIZED_AUTOS = YES_AGGRESSIVE;
				GCC_WARN_UNUSED_FUNCTION = YES;
				GCC_WARN_UNUSED_VARIABLE = YES;
				IPHONEOS_DEPLOYMENT_TARGET = 10.2;
				MTL_ENABLE_DEBUG_INFO = YES;
				ONLY_ACTIVE_ARCH = YES;
				SDKROOT = iphoneos;
				SWIFT_ACTIVE_COMPILATION_CONDITIONS = DEBUG;
				SWIFT_OPTIMIZATION_LEVEL = "-Onone";
			};
			name = Debug;
		};
		C32D2FC51E9787440082B88F /* Release */ = {
			isa = XCBuildConfiguration;
			buildSettings = {
				ALWAYS_SEARCH_USER_PATHS = NO;
				CLANG_ANALYZER_NONNULL = YES;
				CLANG_CXX_LANGUAGE_STANDARD = "gnu++0x";
				CLANG_CXX_LIBRARY = "libc++";
				CLANG_ENABLE_MODULES = YES;
				CLANG_ENABLE_OBJC_ARC = YES;
				CLANG_WARN_BOOL_CONVERSION = YES;
				CLANG_WARN_CONSTANT_CONVERSION = YES;
				CLANG_WARN_DIRECT_OBJC_ISA_USAGE = YES_ERROR;
				CLANG_WARN_DOCUMENTATION_COMMENTS = YES;
				CLANG_WARN_EMPTY_BODY = YES;
				CLANG_WARN_ENUM_CONVERSION = YES;
				CLANG_WARN_INFINITE_RECURSION = YES;
				CLANG_WARN_INT_CONVERSION = YES;
				CLANG_WARN_OBJC_ROOT_CLASS = YES_ERROR;
				CLANG_WARN_SUSPICIOUS_MOVE = YES;
				CLANG_WARN_UNREACHABLE_CODE = YES;
				CLANG_WARN__DUPLICATE_METHOD_MATCH = YES;
				"CODE_SIGN_IDENTITY[sdk=iphoneos*]" = "iPhone Developer";
				COPY_PHASE_STRIP = NO;
				DEBUG_INFORMATION_FORMAT = "dwarf-with-dsym";
				ENABLE_NS_ASSERTIONS = NO;
				ENABLE_STRICT_OBJC_MSGSEND = YES;
				GCC_C_LANGUAGE_STANDARD = gnu99;
				GCC_NO_COMMON_BLOCKS = YES;
				GCC_WARN_64_TO_32_BIT_CONVERSION = YES;
				GCC_WARN_ABOUT_RETURN_TYPE = YES_ERROR;
				GCC_WARN_UNDECLARED_SELECTOR = YES;
				GCC_WARN_UNINITIALIZED_AUTOS = YES_AGGRESSIVE;
				GCC_WARN_UNUSED_FUNCTION = YES;
				GCC_WARN_UNUSED_VARIABLE = YES;
				IPHONEOS_DEPLOYMENT_TARGET = 10.2;
				MTL_ENABLE_DEBUG_INFO = NO;
				SDKROOT = iphoneos;
				SWIFT_OPTIMIZATION_LEVEL = "-Owholemodule";
				VALIDATE_PRODUCT = YES;
			};
			name = Release;
		};
		C32D2FC71E9787440082B88F /* Debug */ = {
			isa = XCBuildConfiguration;
			baseConfigurationReference = 847ECBF50E8C27F9A53DCF4C /* Pods-TableViewSearchDemo.debug.xcconfig */;
			buildSettings = {
				ASSETCATALOG_COMPILER_APPICON_NAME = AppIcon;
				INFOPLIST_FILE = TableViewSearchDemo/Info.plist;
				LD_RUNPATH_SEARCH_PATHS = "$(inherited) @executable_path/Frameworks";
				PRODUCT_BUNDLE_IDENTIFIER = "com.iflame.imagepicker-demo.TableViewSearchDemo";
				PRODUCT_NAME = "$(TARGET_NAME)";
				SWIFT_VERSION = 3.0;
			};
			name = Debug;
		};
		C32D2FC81E9787440082B88F /* Release */ = {
			isa = XCBuildConfiguration;
			baseConfigurationReference = 4C10FDB5B448180E22C8F53E /* Pods-TableViewSearchDemo.release.xcconfig */;
			buildSettings = {
				ASSETCATALOG_COMPILER_APPICON_NAME = AppIcon;
				INFOPLIST_FILE = TableViewSearchDemo/Info.plist;
				LD_RUNPATH_SEARCH_PATHS = "$(inherited) @executable_path/Frameworks";
				PRODUCT_BUNDLE_IDENTIFIER = "com.iflame.imagepicker-demo.TableViewSearchDemo";
				PRODUCT_NAME = "$(TARGET_NAME)";
				SWIFT_VERSION = 3.0;
			};
			name = Release;
		};
/* End XCBuildConfiguration section */

/* Begin XCConfigurationList section */
		C32D2FAF1E9787430082B88F /* Build configuration list for PBXProject "TableViewSearchDemo" */ = {
			isa = XCConfigurationList;
			buildConfigurations = (
				C32D2FC41E9787440082B88F /* Debug */,
				C32D2FC51E9787440082B88F /* Release */,
			);
			defaultConfigurationIsVisible = 0;
			defaultConfigurationName = Release;
		};
		C32D2FC61E9787440082B88F /* Build configuration list for PBXNativeTarget "TableViewSearchDemo" */ = {
			isa = XCConfigurationList;
			buildConfigurations = (
				C32D2FC71E9787440082B88F /* Debug */,
				C32D2FC81E9787440082B88F /* Release */,
			);
			defaultConfigurationIsVisible = 0;
			defaultConfigurationName = Release;
		};
/* End XCConfigurationList section */
	};
	rootObject = C32D2FAC1E9787430082B88F /* Project object */;
}
